
Microsoft Visual Studio Solution File, Format Version 12.00
# Visual Studio Version 16
VisualStudioVersion = 16.0.32510.428
MinimumVisualStudioVersion = 10.0.40219.1
Project("{FAE04EC0-301F-11D3-BF4B-00C04F79EFBC}") = "ConsoleApp2", "ConsoleApp2\ConsoleApp2.csproj", "{BCFC5593-7B8B-4A4C-85FF-B29CF3B4642D}"
EndProject
Global
	GlobalSection(SolutionConfigurationPlatforms) = preSolution
		Debug|Any CPU = Debug|Any CPU
		Release|Any CPU = Release|Any CPU
	EndGlobalSection
	GlobalSection(ProjectConfigurationPlatforms) = postSolution
		{BCFC5593-7B8B-4A4C-85FF-B29CF3B4642D}.Debug|Any CPU.ActiveCfg = Debug|Any CPU
		{BCFC5593-7B8B-4A4C-85FF-B29CF3B4642D}.Debug|Any CPU.Build.0 = Debug|Any CPU
		{BCFC5593-7B8B-4A4C-85FF-B29CF3B4642D}.Release|Any CPU.ActiveCfg = Release|Any CPU
		{BCFC5593-7B8B-4A4C-85FF-B29CF3B4642D}.Release|Any CPU.Build.0 = Release|Any CPU
	EndGlobalSection
	GlobalSection(SolutionProperties) = preSolution
		HideSolutionNode = FALSE
	EndGlobalSection
	GlobalSection(ExtensibilityGlobals) = postSolution
		SolutionGuid = {9F898F37-8598-4FBB-B5CA-AC8A163BBCBD}
	EndGlobalSection
EndGlobal
